
Microsoft Visual Studio Solution File, Format Version 11.00
# Visual Studio 2010
Project("{8BC9CEB8-8B4A-11D0-8D11-00A0C91BC942}") = "tidetest", "tidetest\tidetest.vcxproj", "{E24230C2-4676-4B87-A495-97FFFF6AC0B1}"
EndProject
Project("{FAE04EC0-301F-11D3-BF4B-00C04F79EFBC}") = "WindowsFormsApplication1", "..\WindowsFormsApplication1\WindowsFormsApplication1\WindowsFormsApplication1.csproj", "{B3A25B68-092B-44BF-9F32-44676B063A26}"
EndProject
Global
	GlobalSection(SolutionConfigurationPlatforms) = preSolution
		Debug|Mixed Platforms = Debug|Mixed Platforms
		Debug|Win32 = Debug|Win32
		Debug|x86 = Debug|x86
		Release|Mixed Platforms = Release|Mixed Platforms
		Release|Win32 = Release|Win32
		Release|x86 = Release|x86
	EndGlobalSection
	GlobalSection(ProjectConfigurationPlatforms) = postSolution
		{E24230C2-4676-4B87-A495-97FFFF6AC0B1}.Debug|Mixed Platforms.ActiveCfg = Debug|Win32
		{E24230C2-4676-4B87-A495-97FFFF6AC0B1}.Debug|Mixed Platforms.Build.0 = Debug|Win32
		{E24230C2-4676-4B87-A495-97FFFF6AC0B1}.Debug|Win32.ActiveCfg = Debug|Win32
		{E24230C2-4676-4B87-A495-97FFFF6AC0B1}.Debug|Win32.Build.0 = Debug|Win32
		{E24230C2-4676-4B87-A495-97FFFF6AC0B1}.Debug|x86.ActiveCfg = Debug|Win32
		{E24230C2-4676-4B87-A495-97FFFF6AC0B1}.Release|Mixed Platforms.ActiveCfg = Release|Win32
		{E24230C2-4676-4B87-A495-97FFFF6AC0B1}.Release|Mixed Platforms.Build.0 = Release|Win32
		{E24230C2-4676-4B87-A495-97FFFF6AC0B1}.Release|Win32.ActiveCfg = Release|Win32
		{E24230C2-4676-4B87-A495-97FFFF6AC0B1}.Release|Win32.Build.0 = Release|Win32
		{E24230C2-4676-4B87-A495-97FFFF6AC0B1}.Release|x86.ActiveCfg = Release|Win32
		{B3A25B68-092B-44BF-9F32-44676B063A26}.Debug|Mixed Platforms.ActiveCfg = Debug|x86
		{B3A25B68-092B-44BF-9F32-44676B063A26}.Debug|Mixed Platforms.Build.0 = Debug|x86
		{B3A25B68-092B-44BF-9F32-44676B063A26}.Debug|Win32.ActiveCfg = Debug|x86
		{B3A25B68-092B-44BF-9F32-44676B063A26}.Debug|x86.ActiveCfg = Debug|x86
		{B3A25B68-092B-44BF-9F32-44676B063A26}.Debug|x86.Build.0 = Debug|x86
		{B3A25B68-092B-44BF-9F32-44676B063A26}.Release|Mixed Platforms.ActiveCfg = Release|x86
		{B3A25B68-092B-44BF-9F32-44676B063A26}.Release|Mixed Platforms.Build.0 = Release|x86
		{B3A25B68-092B-44BF-9F32-44676B063A26}.Release|Win32.ActiveCfg = Release|x86
		{B3A25B68-092B-44BF-9F32-44676B063A26}.Release|x86.ActiveCfg = Release|x86
		{B3A25B68-092B-44BF-9F32-44676B063A26}.Release|x86.Build.0 = Release|x86
	EndGlobalSection
	GlobalSection(SolutionProperties) = preSolution
		HideSolutionNode = FALSE
	EndGlobalSection
EndGlobal
